
Microsoft Visual Studio Solution File, Format Version 11.00
# Visual Studio 2010
Project("{8BC9CEB8-8B4A-11D0-8D11-00A0C91BC942}") = "ZTPinpad", "..\ZTPinpad\ZTPinpad.vcxproj", "{A84D3454-4147-4A0B-A30F-8EED65895F43}"
EndProject
Project("{8BC9CEB8-8B4A-11D0-8D11-00A0C91BC942}") = "ZTFinger", "..\ZTFinger\ZTFinger.vcxproj", "{4E0DEB2B-3140-406A-8B4A-6FFBDF8D835E}"
EndProject
Project("{8BC9CEB8-8B4A-11D0-8D11-00A0C91BC942}") = "ZTSiu", "..\ZTSiu\ZTSiu.vcxproj", "{4CE71937-F77F-4208-9388-987A39C3125D}"
EndProject
Project("{8BC9CEB8-8B4A-11D0-8D11-00A0C91BC942}") = "ZTCash", "..\ZTCash\ZTCash.vcxproj", "{6F22EACC-7940-4C1C-AD99-05E84F28F2B8}"
EndProject
Global
	GlobalSection(SolutionConfigurationPlatforms) = preSolution
		Debug|Win32 = Debug|Win32
		Release|Win32 = Release|Win32
	EndGlobalSection
	GlobalSection(ProjectConfigurationPlatforms) = postSolution
		{A84D3454-4147-4A0B-A30F-8EED65895F43}.Debug|Win32.ActiveCfg = Debug|Win32
		{A84D3454-4147-4A0B-A30F-8EED65895F43}.Debug|Win32.Build.0 = Debug|Win32
		{A84D3454-4147-4A0B-A30F-8EED65895F43}.Release|Win32.ActiveCfg = Release|Win32
		{A84D3454-4147-4A0B-A30F-8EED65895F43}.Release|Win32.Build.0 = Release|Win32
		{4E0DEB2B-3140-406A-8B4A-6FFBDF8D835E}.Debug|Win32.ActiveCfg = Debug|Win32
		{4E0DEB2B-3140-406A-8B4A-6FFBDF8D835E}.Debug|Win32.Build.0 = Debug|Win32
		{4E0DEB2B-3140-406A-8B4A-6FFBDF8D835E}.Release|Win32.ActiveCfg = Release|Win32
		{4E0DEB2B-3140-406A-8B4A-6FFBDF8D835E}.Release|Win32.Build.0 = Release|Win32
		{4CE71937-F77F-4208-9388-987A39C3125D}.Debug|Win32.ActiveCfg = Debug|Win32
		{4CE71937-F77F-4208-9388-987A39C3125D}.Debug|Win32.Build.0 = Debug|Win32
		{4CE71937-F77F-4208-9388-987A39C3125D}.Release|Win32.ActiveCfg = Release|Win32
		{4CE71937-F77F-4208-9388-987A39C3125D}.Release|Win32.Build.0 = Release|Win32
		{6F22EACC-7940-4C1C-AD99-05E84F28F2B8}.Debug|Win32.ActiveCfg = Debug|Win32
		{6F22EACC-7940-4C1C-AD99-05E84F28F2B8}.Debug|Win32.Build.0 = Debug|Win32
		{6F22EACC-7940-4C1C-AD99-05E84F28F2B8}.Release|Win32.ActiveCfg = Release|Win32
		{6F22EACC-7940-4C1C-AD99-05E84F28F2B8}.Release|Win32.Build.0 = Release|Win32
	EndGlobalSection
	GlobalSection(SolutionProperties) = preSolution
		HideSolutionNode = FALSE
	EndGlobalSection
EndGlobal
