
Microsoft Visual Studio Solution File, Format Version 11.00
# Visual Studio 2010
Project("{8BC9CEB8-8B4A-11D0-8D11-00A0C91BC942}") = "XFSSPManage", "..\XFSSPManage\XFSSPManage.vcxproj", "{40206E82-4B31-47DE-923A-BB47256E8EBC}"
EndProject
Project("{8BC9CEB8-8B4A-11D0-8D11-00A0C91BC942}") = "XFSSPI", "..\XFSSPI\XFSSPI.vcxproj", "{9B8CECA5-9084-4B16-827F-17308FBC5BAF}"
EndProject
Project("{8BC9CEB8-8B4A-11D0-8D11-00A0C91BC942}") = "XFSPINBase", "..\XFSPINBase\XFSPINBase.vcxproj", "{9501C306-D54E-4ED6-8691-EB7E3EA37E72}"
EndProject
Project("{8BC9CEB8-8B4A-11D0-8D11-00A0C91BC942}") = "XFSSPKernel", "..\XFSSPKernel\XFSSPKernel.vcxproj", "{5CC62EBA-115D-4AA9-B0D5-FBA729C38CF0}"
EndProject
Project("{8BC9CEB8-8B4A-11D0-8D11-00A0C91BC942}") = "XFSVDMBase", "..\XFSVDMBase\XFSVDMBase.vcxproj", "{4EA7E2C0-C21E-4290-9E93-D251D0133593}"
EndProject
Project("{8BC9CEB8-8B4A-11D0-8D11-00A0C91BC942}") = "XFSSPC", "..\XFSSPC\XFSSPC.vcxproj", "{779737D1-E8BF-47DC-BEFA-BB5346246CCB}"
EndProject
Global
	GlobalSection(SolutionConfigurationPlatforms) = preSolution
		Debug|Win32 = Debug|Win32
		Release|Win32 = Release|Win32
		ReleaseU|Win32 = ReleaseU|Win32
	EndGlobalSection
	GlobalSection(ProjectConfigurationPlatforms) = postSolution
		{40206E82-4B31-47DE-923A-BB47256E8EBC}.Debug|Win32.ActiveCfg = Debug|Win32
		{40206E82-4B31-47DE-923A-BB47256E8EBC}.Debug|Win32.Build.0 = Debug|Win32
		{40206E82-4B31-47DE-923A-BB47256E8EBC}.Release|Win32.ActiveCfg = Release|Win32
		{40206E82-4B31-47DE-923A-BB47256E8EBC}.Release|Win32.Build.0 = Release|Win32
		{40206E82-4B31-47DE-923A-BB47256E8EBC}.ReleaseU|Win32.ActiveCfg = ReleaseU|Win32
		{40206E82-4B31-47DE-923A-BB47256E8EBC}.ReleaseU|Win32.Build.0 = ReleaseU|Win32
		{9B8CECA5-9084-4B16-827F-17308FBC5BAF}.Debug|Win32.ActiveCfg = Debug|Win32
		{9B8CECA5-9084-4B16-827F-17308FBC5BAF}.Debug|Win32.Build.0 = Debug|Win32
		{9B8CECA5-9084-4B16-827F-17308FBC5BAF}.Release|Win32.ActiveCfg = Release|Win32
		{9B8CECA5-9084-4B16-827F-17308FBC5BAF}.Release|Win32.Build.0 = Release|Win32
		{9B8CECA5-9084-4B16-827F-17308FBC5BAF}.ReleaseU|Win32.ActiveCfg = ReleaseU|Win32
		{9B8CECA5-9084-4B16-827F-17308FBC5BAF}.ReleaseU|Win32.Build.0 = ReleaseU|Win32
		{9501C306-D54E-4ED6-8691-EB7E3EA37E72}.Debug|Win32.ActiveCfg = Debug|Win32
		{9501C306-D54E-4ED6-8691-EB7E3EA37E72}.Debug|Win32.Build.0 = Debug|Win32
		{9501C306-D54E-4ED6-8691-EB7E3EA37E72}.Release|Win32.ActiveCfg = Release|Win32
		{9501C306-D54E-4ED6-8691-EB7E3EA37E72}.Release|Win32.Build.0 = Release|Win32
		{9501C306-D54E-4ED6-8691-EB7E3EA37E72}.ReleaseU|Win32.ActiveCfg = ReleaseU|Win32
		{9501C306-D54E-4ED6-8691-EB7E3EA37E72}.ReleaseU|Win32.Build.0 = ReleaseU|Win32
		{5CC62EBA-115D-4AA9-B0D5-FBA729C38CF0}.Debug|Win32.ActiveCfg = Debug|Win32
		{5CC62EBA-115D-4AA9-B0D5-FBA729C38CF0}.Debug|Win32.Build.0 = Debug|Win32
		{5CC62EBA-115D-4AA9-B0D5-FBA729C38CF0}.Release|Win32.ActiveCfg = Release|Win32
		{5CC62EBA-115D-4AA9-B0D5-FBA729C38CF0}.Release|Win32.Build.0 = Release|Win32
		{5CC62EBA-115D-4AA9-B0D5-FBA729C38CF0}.ReleaseU|Win32.ActiveCfg = ReleaseU|Win32
		{5CC62EBA-115D-4AA9-B0D5-FBA729C38CF0}.ReleaseU|Win32.Build.0 = ReleaseU|Win32
		{4EA7E2C0-C21E-4290-9E93-D251D0133593}.Debug|Win32.ActiveCfg = Debug|Win32
		{4EA7E2C0-C21E-4290-9E93-D251D0133593}.Debug|Win32.Build.0 = Debug|Win32
		{4EA7E2C0-C21E-4290-9E93-D251D0133593}.Release|Win32.ActiveCfg = Release|Win32
		{4EA7E2C0-C21E-4290-9E93-D251D0133593}.Release|Win32.Build.0 = Release|Win32
		{4EA7E2C0-C21E-4290-9E93-D251D0133593}.ReleaseU|Win32.ActiveCfg = ReleaseU|Win32
		{4EA7E2C0-C21E-4290-9E93-D251D0133593}.ReleaseU|Win32.Build.0 = ReleaseU|Win32
		{779737D1-E8BF-47DC-BEFA-BB5346246CCB}.Debug|Win32.ActiveCfg = Debug|Win32
		{779737D1-E8BF-47DC-BEFA-BB5346246CCB}.Debug|Win32.Build.0 = Debug|Win32
		{779737D1-E8BF-47DC-BEFA-BB5346246CCB}.Release|Win32.ActiveCfg = Release|Win32
		{779737D1-E8BF-47DC-BEFA-BB5346246CCB}.Release|Win32.Build.0 = Release|Win32
		{779737D1-E8BF-47DC-BEFA-BB5346246CCB}.ReleaseU|Win32.ActiveCfg = ReleaseU|Win32
		{779737D1-E8BF-47DC-BEFA-BB5346246CCB}.ReleaseU|Win32.Build.0 = ReleaseU|Win32
	EndGlobalSection
	GlobalSection(SolutionProperties) = preSolution
		HideSolutionNode = FALSE
	EndGlobalSection
EndGlobal
